// !$*UTF8*$!
{
	archiveVersion = 1;
	classes = {
	};
	objectVersion = 56;
	objects = {

/* Begin PBXBuildFile section */
		F1A0A7912A72E771001A5237 /* Watch_SwiftApp.swift in Sources */ = {isa = PBXBuildFile; fileRef = F1A0A7902A72E771001A5237 /* Watch_SwiftApp.swift */; };
		F1A0A7932A72E771001A5237 /* ContentView.swift in Sources */ = {isa = PBXBuildFile; fileRef = F1A0A7922A72E771001A5237 /* ContentView.swift */; };
		F1A0A7952A72E779001A5237 /* Assets.xcassets in Resources */ = {isa = PBXBuildFile; fileRef = F1A0A7942A72E779001A5237 /* Assets.xcassets */; };
		F1A0A7982A72E779001A5237 /* Preview Assets.xcassets in Resources */ = {isa = PBXBuildFile; fileRef = F1A0A7972A72E779001A5237 /* Preview Assets.xcassets */; };
		F1A0A79A2A72E779001A5237 /* Persistence.swift in Sources */ = {isa = PBXBuildFile; fileRef = F1A0A7992A72E779001A5237 /* Persistence.swift */; };
		F1A0A79D2A72E779001A5237 /* Watch_Swift.xcdatamodeld in Sources */ = {isa = PBXBuildFile; fileRef = F1A0A79B2A72E779001A5237 /* Watch_Swift.xcdatamodeld */; };
		F1A0A7A82A72E779001A5237 /* Watch_SwiftTests.swift in Sources */ = {isa = PBXBuildFile; fileRef = F1A0A7A72A72E779001A5237 /* Watch_SwiftTests.swift */; };
		F1A0A7B22A72E77A001A5237 /* Watch_SwiftUITests.swift in Sources */ = {isa = PBXBuildFile; fileRef = F1A0A7B12A72E77A001A5237 /* Watch_SwiftUITests.swift */; };
		F1A0A7B42A72E77A001A5237 /* Watch_SwiftUITestsLaunchTests.swift in Sources */ = {isa = PBXBuildFile; fileRef = F1A0A7B32A72E77A001A5237 /* Watch_SwiftUITestsLaunchTests.swift */; };
/* End PBXBuildFile section */

/* Begin PBXContainerItemProxy section */
		F1A0A7A42A72E779001A5237 /* PBXContainerItemProxy */ = {
			isa = PBXContainerItemProxy;
			containerPortal = F1A0A7852A72E771001A5237 /* Project object */;
			proxyType = 1;
			remoteGlobalIDString = F1A0A78C2A72E771001A5237;
			remoteInfo = Watch_Swift;
		};
		F1A0A7AE2A72E77A001A5237 /* PBXContainerItemProxy */ = {
			isa = PBXContainerItemProxy;
			containerPortal = F1A0A7852A72E771001A5237 /* Project object */;
			proxyType = 1;
			remoteGlobalIDString = F1A0A78C2A72E771001A5237;
			remoteInfo = Watch_Swift;
		};
/* End PBXContainerItemProxy section */

/* Begin PBXFileReference section */
		F1A0A78D2A72E771001A5237 /* Watch_Swift.app */ = {isa = PBXFileReference; explicitFileType = wrapper.application; includeInIndex = 0; path = Watch_Swift.app; sourceTree = BUILT_PRODUCTS_DIR; };
		F1A0A7902A72E771001A5237 /* Watch_SwiftApp.swift */ = {isa = PBXFileReference; lastKnownFileType = sourcecode.swift; path = Watch_SwiftApp.swift; sourceTree = "<group>"; };
		F1A0A7922A72E771001A5237 /* ContentView.swift */ = {isa = PBXFileReference; lastKnownFileType = sourcecode.swift; path = ContentView.swift; sourceTree = "<group>"; };
		F1A0A7942A72E779001A5237 /* Assets.xcassets */ = {isa = PBXFileReference; lastKnownFileType = folder.assetcatalog; path = Assets.xcassets; sourceTree = "<group>"; };
		F1A0A7972A72E779001A5237 /* Preview Assets.xcassets */ = {isa = PBXFileReference; lastKnownFileType = folder.assetcatalog; path = "Preview Assets.xcassets"; sourceTree = "<group>"; };
		F1A0A7992A72E779001A5237 /* Persistence.swift */ = {isa = PBXFileReference; lastKnownFileType = sourcecode.swift; path = Persistence.swift; sourceTree = "<group>"; };
		F1A0A79C2A72E779001A5237 /* Watch_Swift.xcdatamodel */ = {isa = PBXFileReference; lastKnownFileType = wrapper.xcdatamodel; path = Watch_Swift.xcdatamodel; sourceTree = "<group>"; };
		F1A0A79E2A72E779001A5237 /* Info.plist */ = {isa = PBXFileReference; lastKnownFileType = text.plist.xml; path = Info.plist; sourceTree = "<group>"; };
		F1A0A7A32A72E779001A5237 /* Watch_SwiftTests.xctest */ = {isa = PBXFileReference; explicitFileType = wrapper.cfbundle; includeInIndex = 0; path = Watch_SwiftTests.xctest; sourceTree = BUILT_PRODUCTS_DIR; };
		F1A0A7A72A72E779001A5237 /* Watch_SwiftTests.swift */ = {isa = PBXFileReference; lastKnownFileType = sourcecode.swift; path = Watch_SwiftTests.swift; sourceTree = "<group>"; };
		F1A0A7AD2A72E77A001A5237 /* Watch_SwiftUITests.xctest */ = {isa = PBXFileReference; explicitFileType = wrapper.cfbundle; includeInIndex = 0; path = Watch_SwiftUITests.xctest; sourceTree = BUILT_PRODUCTS_DIR; };
		F1A0A7B12A72E77A001A5237 /* Watch_SwiftUITests.swift */ = {isa = PBXFileReference; lastKnownFileType = sourcecode.swift; path = Watch_SwiftUITests.swift; sourceTree = "<group>"; };
		F1A0A7B32A72E77A001A5237 /* Watch_SwiftUITestsLaunchTests.swift */ = {isa = PBXFileReference; lastKnownFileType = sourcecode.swift; path = Watch_SwiftUITestsLaunchTests.swift; sourceTree = "<group>"; };
/* End PBXFileReference section */

/* Begin PBXFrameworksBuildPhase section */
		F1A0A78A2A72E771001A5237 /* Frameworks */ = {
			isa = PBXFrameworksBuildPhase;
			buildActionMask = 2147483647;
			files = (
			);
			runOnlyForDeploymentPostprocessing = 0;
		};
		F1A0A7A02A72E779001A5237 /* Frameworks */ = {
			isa = PBXFrameworksBuildPhase;
			buildActionMask = 2147483647;
			files = (
			);
			runOnlyForDeploymentPostprocessing = 0;
		};
		F1A0A7AA2A72E77A001A5237 /* Frameworks */ = {
			isa = PBXFrameworksBuildPhase;
			buildActionMask = 2147483647;
			files = (
			);
			runOnlyForDeploymentPostprocessing = 0;
		};
/* End PBXFrameworksBuildPhase section */

/* Begin PBXGroup section */
		F1A0A7842A72E771001A5237 = {
			isa = PBXGroup;
			children = (
				F1A0A78F2A72E771001A5237 /* Watch_Swift */,
				F1A0A7A62A72E779001A5237 /* Watch_SwiftTests */,
				F1A0A7B02A72E77A001A5237 /* Watch_SwiftUITests */,
				F1A0A78E2A72E771001A5237 /* Products */,
			);
			sourceTree = "<group>";
		};
		F1A0A78E2A72E771001A5237 /* Products */ = {
			isa = PBXGroup;
			children = (
				F1A0A78D2A72E771001A5237 /* Watch_Swift.app */,
				F1A0A7A32A72E779001A5237 /* Watch_SwiftTests.xctest */,
				F1A0A7AD2A72E77A001A5237 /* Watch_SwiftUITests.xctest */,
			);
			name = Products;
			sourceTree = "<group>";
		};
		F1A0A78F2A72E771001A5237 /* Watch_Swift */ = {
			isa = PBXGroup;
			children = (
				F1A0A7902A72E771001A5237 /* Watch_SwiftApp.swift */,
				F1A0A7922A72E771001A5237 /* ContentView.swift */,
				F1A0A7942A72E779001A5237 /* Assets.xcassets */,
				F1A0A7992A72E779001A5237 /* Persistence.swift */,
				F1A0A79E2A72E779001A5237 /* Info.plist */,
				F1A0A79B2A72E779001A5237 /* Watch_Swift.xcdatamodeld */,
				F1A0A7962A72E779001A5237 /* Preview Content */,
			);
			path = Watch_Swift;
			sourceTree = "<group>";
		};
		F1A0A7962A72E779001A5237 /* Preview Content */ = {
			isa = PBXGroup;
			children = (
				F1A0A7972A72E779001A5237 /* Preview Assets.xcassets */,
			);
			path = "Preview Content";
			sourceTree = "<group>";
		};
		F1A0A7A62A72E779001A5237 /* Watch_SwiftTests */ = {
			isa = PBXGroup;
			children = (
				F1A0A7A72A72E779001A5237 /* Watch_SwiftTests.swift */,
			);
			path = Watch_SwiftTests;
			sourceTree = "<group>";
		};
		F1A0A7B02A72E77A001A5237 /* Watch_SwiftUITests */ = {
			isa = PBXGroup;
			children = (
				F1A0A7B12A72E77A001A5237 /* Watch_SwiftUITests.swift */,
				F1A0A7B32A72E77A001A5237 /* Watch_SwiftUITestsLaunchTests.swift */,
			);
			path = Watch_SwiftUITests;
			sourceTree = "<group>";
		};
/* End PBXGroup section */

/* Begin PBXNativeTarget section */
		F1A0A78C2A72E771001A5237 /* Watch_Swift */ = {
			isa = PBXNativeTarget;
			buildConfigurationList = F1A0A7B72A72E77A001A5237 /* Build configuration list for PBXNativeTarget "Watch_Swift" */;
			buildPhases = (
				F1A0A7892A72E771001A5237 /* Sources */,
				F1A0A78A2A72E771001A5237 /* Frameworks */,
				F1A0A78B2A72E771001A5237 /* Resources */,
			);
			buildRules = (
			);
			dependencies = (
			);
			name = Watch_Swift;
			productName = Watch_Swift;
			productReference = F1A0A78D2A72E771001A5237 /* Watch_Swift.app */;
			productType = "com.apple.product-type.application";
		};
		F1A0A7A22A72E779001A5237 /* Watch_SwiftTests */ = {
			isa = PBXNativeTarget;
			buildConfigurationList = F1A0A7BA2A72E77A001A5237 /* Build configuration list for PBXNativeTarget "Watch_SwiftTests" */;
			buildPhases = (
				F1A0A79F2A72E779001A5237 /* Sources */,
				F1A0A7A02A72E779001A5237 /* Frameworks */,
				F1A0A7A12A72E779001A5237 /* Resources */,
			);
			buildRules = (
			);
			dependencies = (
				F1A0A7A52A72E779001A5237 /* PBXTargetDependency */,
			);
			name = Watch_SwiftTests;
			productName = Watch_SwiftTests;
			productReference = F1A0A7A32A72E779001A5237 /* Watch_SwiftTests.xctest */;
			productType = "com.apple.product-type.bundle.unit-test";
		};
		F1A0A7AC2A72E77A001A5237 /* Watch_SwiftUITests */ = {
			isa = PBXNativeTarget;
			buildConfigurationList = F1A0A7BD2A72E77A001A5237 /* Build configuration list for PBXNativeTarget "Watch_SwiftUITests" */;
			buildPhases = (
				F1A0A7A92A72E77A001A5237 /* Sources */,
				F1A0A7AA2A72E77A001A5237 /* Frameworks */,
				F1A0A7AB2A72E77A001A5237 /* Resources */,
			);
			buildRules = (
			);
			dependencies = (
				F1A0A7AF2A72E77A001A5237 /* PBXTargetDependency */,
			);
			name = Watch_SwiftUITests;
			productName = Watch_SwiftUITests;
			productReference = F1A0A7AD2A72E77A001A5237 /* Watch_SwiftUITests.xctest */;
			productType = "com.apple.product-type.bundle.ui-testing";
		};
/* End PBXNativeTarget section */

/* Begin PBXProject section */
		F1A0A7852A72E771001A5237 /* Project object */ = {
			isa = PBXProject;
			attributes = {
				BuildIndependentTargetsInParallel = 1;
				LastSwiftUpdateCheck = 1430;
				LastUpgradeCheck = 1430;
				TargetAttributes = {
					F1A0A78C2A72E771001A5237 = {
						CreatedOnToolsVersion = 14.3.1;
					};
					F1A0A7A22A72E779001A5237 = {
						CreatedOnToolsVersion = 14.3.1;
						TestTargetID = F1A0A78C2A72E771001A5237;
					};
					F1A0A7AC2A72E77A001A5237 = {
						CreatedOnToolsVersion = 14.3.1;
						TestTargetID = F1A0A78C2A72E771001A5237;
					};
				};
			};
			buildConfigurationList = F1A0A7882A72E771001A5237 /* Build configuration list for PBXProject "Watch_Swift" */;
			compatibilityVersion = "Xcode 14.0";
			developmentRegion = en;
			hasScannedForEncodings = 0;
			knownRegions = (
				en,
				Base,
			);
			mainGroup = F1A0A7842A72E771001A5237;
			productRefGroup = F1A0A78E2A72E771001A5237 /* Products */;
			projectDirPath = "";
			projectRoot = "";
			targets = (
				F1A0A78C2A72E771001A5237 /* Watch_Swift */,
				F1A0A7A22A72E779001A5237 /* Watch_SwiftTests */,
				F1A0A7AC2A72E77A001A5237 /* Watch_SwiftUITests */,
			);
		};
/* End PBXProject section */

/* Begin PBXResourcesBuildPhase section */
		F1A0A78B2A72E771001A5237 /* Resources */ = {
			isa = PBXResourcesBuildPhase;
			buildActionMask = 2147483647;
			files = (
				F1A0A7982A72E779001A5237 /* Preview Assets.xcassets in Resources */,
				F1A0A7952A72E779001A5237 /* Assets.xcassets in Resources */,
			);
			runOnlyForDeploymentPostprocessing = 0;
		};
		F1A0A7A12A72E779001A5237 /* Resources */ = {
			isa = PBXResourcesBuildPhase;
			buildActionMask = 2147483647;
			files = (
			);
			runOnlyForDeploymentPostprocessing = 0;
		};
		F1A0A7AB2A72E77A001A5237 /* Resources */ = {
			isa = PBXResourcesBuildPhase;
			buildActionMask = 2147483647;
			files = (
			);
			runOnlyForDeploymentPostprocessing = 0;
		};
/* End PBXResourcesBuildPhase section */

/* Begin PBXSourcesBuildPhase section */
		F1A0A7892A72E771001A5237 /* Sources */ = {
			isa = PBXSourcesBuildPhase;
			buildActionMask = 2147483647;
			files = (
				F1A0A79A2A72E779001A5237 /* Persistence.swift in Sources */,
				F1A0A7932A72E771001A5237 /* ContentView.swift in Sources */,
				F1A0A7912A72E771001A5237 /* Watch_SwiftApp.swift in Sources */,
				F1A0A79D2A72E779001A5237 /* Watch_Swift.xcdatamodeld in Sources */,
			);
			runOnlyForDeploymentPostprocessing = 0;
		};
		F1A0A79F2A72E779001A5237 /* Sources */ = {
			isa = PBXSourcesBuildPhase;
			buildActionMask = 2147483647;
			files = (
				F1A0A7A82A72E779001A5237 /* Watch_SwiftTests.swift in Sources */,
			);
			runOnlyForDeploymentPostprocessing = 0;
		};
		F1A0A7A92A72E77A001A5237 /* Sources */ = {
			isa = PBXSourcesBuildPhase;
			buildActionMask = 2147483647;
			files = (
				F1A0A7B42A72E77A001A5237 /* Watch_SwiftUITestsLaunchTests.swift in Sources */,
				F1A0A7B22A72E77A001A5237 /* Watch_SwiftUITests.swift in Sources */,
			);
			runOnlyForDeploymentPostprocessing = 0;
		};
/* End PBXSourcesBuildPhase section */

/* Begin PBXTargetDependency section */
		F1A0A7A52A72E779001A5237 /* PBXTargetDependency */ = {
			isa = PBXTargetDependency;
			target = F1A0A78C2A72E771001A5237 /* Watch_Swift */;
			targetProxy = F1A0A7A42A72E779001A5237 /* PBXContainerItemProxy */;
		};
		F1A0A7AF2A72E77A001A5237 /* PBXTargetDependency */ = {
			isa = PBXTargetDependency;
			target = F1A0A78C2A72E771001A5237 /* Watch_Swift */;
			targetProxy = F1A0A7AE2A72E77A001A5237 /* PBXContainerItemProxy */;
		};
/* End PBXTargetDependency section */

/* Begin XCBuildConfiguration section */
		F1A0A7B52A72E77A001A5237 /* Debug */ = {
			isa = XCBuildConfiguration;
			buildSettings = {
				ALWAYS_SEARCH_USER_PATHS = NO;
				CLANG_ANALYZER_NONNULL = YES;
				CLANG_ANALYZER_NUMBER_OBJECT_CONVERSION = YES_AGGRESSIVE;
				CLANG_CXX_LANGUAGE_STANDARD = "gnu++20";
				CLANG_ENABLE_MODULES = YES;
				CLANG_ENABLE_OBJC_ARC = YES;
				CLANG_ENABLE_OBJC_WEAK = YES;
				CLANG_WARN_BLOCK_CAPTURE_AUTORELEASING = YES;
				CLANG_WARN_BOOL_CONVERSION = YES;
				CLANG_WARN_COMMA = YES;
				CLANG_WARN_CONSTANT_CONVERSION = YES;
				CLANG_WARN_DEPRECATED_OBJC_IMPLEMENTATIONS = YES;
				CLANG_WARN_DIRECT_OBJC_ISA_USAGE = YES_ERROR;
				CLANG_WARN_DOCUMENTATION_COMMENTS = YES;
				CLANG_WARN_EMPTY_BODY = YES;
				CLANG_WARN_ENUM_CONVERSION = YES;
				CLANG_WARN_INFINITE_RECURSION = YES;
				CLANG_WARN_INT_CONVERSION = YES;
				CLANG_WARN_NON_LITERAL_NULL_CONVERSION = YES;
				CLANG_WARN_OBJC_IMPLICIT_RETAIN_SELF = YES;
				CLANG_WARN_OBJC_LITERAL_CONVERSION = YES;
				CLANG_WARN_OBJC_ROOT_CLASS = YES_ERROR;
				CLANG_WARN_QUOTED_INCLUDE_IN_FRAMEWORK_HEADER = YES;
				CLANG_WARN_RANGE_LOOP_ANALYSIS = YES;
				CLANG_WARN_STRICT_PROTOTYPES = YES;
				CLANG_WARN_SUSPICIOUS_MOVE = YES;
				CLANG_WARN_UNGUARDED_AVAILABILITY = YES_AGGRESSIVE;
				CLANG_WARN_UNREACHABLE_CODE = YES;
				CLANG_WARN__DUPLICATE_METHOD_MATCH = YES;
				COPY_PHASE_STRIP = NO;
				DEBUG_INFORMATION_FORMAT = dwarf;
				ENABLE_STRICT_OBJC_MSGSEND = YES;
				ENABLE_TESTABILITY = YES;
				GCC_C_LANGUAGE_STANDARD = gnu11;
				GCC_DYNAMIC_NO_PIC = NO;
				GCC_NO_COMMON_BLOCKS = YES;
				GCC_OPTIMIZATION_LEVEL = 0;
				GCC_PREPROCESSOR_DEFINITIONS = (
					"DEBUG=1",
					"$(inherited)",
				);
				GCC_WARN_64_TO_32_BIT_CONVERSION = YES;
				GCC_WARN_ABOUT_RETURN_TYPE = YES_ERROR;
				GCC_WARN_UNDECLARED_SELECTOR = YES;
				GCC_WARN_UNINITIALIZED_AUTOS = YES_AGGRESSIVE;
				GCC_WARN_UNUSED_FUNCTION = YES;
				GCC_WARN_UNUSED_VARIABLE = YES;
				IPHONEOS_DEPLOYMENT_TARGET = 16.4;
				MTL_ENABLE_DEBUG_INFO = INCLUDE_SOURCE;
				MTL_FAST_MATH = YES;
				ONLY_ACTIVE_ARCH = YES;
				SDKROOT = iphoneos;
				SWIFT_ACTIVE_COMPILATION_CONDITIONS = DEBUG;
				SWIFT_OPTIMIZATION_LEVEL = "-Onone";
			};
			name = Debug;
		};
		F1A0A7B62A72E77A001A5237 /* Release */ = {
			isa = XCBuildConfiguration;
			buildSettings = {
				ALWAYS_SEARCH_USER_PATHS = NO;
				CLANG_ANALYZER_NONNULL = YES;
				CLANG_ANALYZER_NUMBER_OBJECT_CONVERSION = YES_AGGRESSIVE;
				CLANG_CXX_LANGUAGE_STANDARD = "gnu++20";
				CLANG_ENABLE_MODULES = YES;
				CLANG_ENABLE_OBJC_ARC = YES;
				CLANG_ENABLE_OBJC_WEAK = YES;
				CLANG_WARN_BLOCK_CAPTURE_AUTORELEASING = YES;
				CLANG_WARN_BOOL_CONVERSION = YES;
				CLANG_WARN_COMMA = YES;
				CLANG_WARN_CONSTANT_CONVERSION = YES;
				CLANG_WARN_DEPRECATED_OBJC_IMPLEMENTATIONS = YES;
				CLANG_WARN_DIRECT_OBJC_ISA_USAGE = YES_ERROR;
				CLANG_WARN_DOCUMENTATION_COMMENTS = YES;
				CLANG_WARN_EMPTY_BODY = YES;
				CLANG_WARN_ENUM_CONVERSION = YES;
				CLANG_WARN_INFINITE_RECURSION = YES;
				CLANG_WARN_INT_CONVERSION = YES;
				CLANG_WARN_NON_LITERAL_NULL_CONVERSION = YES;
				CLANG_WARN_OBJC_IMPLICIT_RETAIN_SELF = YES;
				CLANG_WARN_OBJC_LITERAL_CONVERSION = YES;
				CLANG_WARN_OBJC_ROOT_CLASS = YES_ERROR;
				CLANG_WARN_QUOTED_INCLUDE_IN_FRAMEWORK_HEADER = YES;
				CLANG_WARN_RANGE_LOOP_ANALYSIS = YES;
				CLANG_WARN_STRICT_PROTOTYPES = YES;
				CLANG_WARN_SUSPICIOUS_MOVE = YES;
				CLANG_WARN_UNGUARDED_AVAILABILITY = YES_AGGRESSIVE;
				CLANG_WARN_UNREACHABLE_CODE = YES;
				CLANG_WARN__DUPLICATE_METHOD_MATCH = YES;
				COPY_PHASE_STRIP = NO;
				DEBUG_INFORMATION_FORMAT = "dwarf-with-dsym";
				ENABLE_NS_ASSERTIONS = NO;
				ENABLE_STRICT_OBJC_MSGSEND = YES;
				GCC_C_LANGUAGE_STANDARD = gnu11;
				GCC_NO_COMMON_BLOCKS = YES;
				GCC_WARN_64_TO_32_BIT_CONVERSION = YES;
				GCC_WARN_ABOUT_RETURN_TYPE = YES_ERROR;
				GCC_WARN_UNDECLARED_SELECTOR = YES;
				GCC_WARN_UNINITIALIZED_AUTOS = YES_AGGRESSIVE;
				GCC_WARN_UNUSED_FUNCTION = YES;
				GCC_WARN_UNUSED_VARIABLE = YES;
				IPHONEOS_DEPLOYMENT_TARGET = 16.4;
				MTL_ENABLE_DEBUG_INFO = NO;
				MTL_FAST_MATH = YES;
				SDKROOT = iphoneos;
				SWIFT_COMPILATION_MODE = wholemodule;
				SWIFT_OPTIMIZATION_LEVEL = "-O";
				VALIDATE_PRODUCT = YES;
			};
			name = Release;
		};
		F1A0A7B82A72E77A001A5237 /* Debug */ = {
			isa = XCBuildConfiguration;
			buildSettings = {
				ASSETCATALOG_COMPILER_APPICON_NAME = AppIcon;
				ASSETCATALOG_COMPILER_GLOBAL_ACCENT_COLOR_NAME = AccentColor;
				CODE_SIGN_STYLE = Automatic;
				CURRENT_PROJECT_VERSION = 1;
				DEVELOPMENT_ASSET_PATHS = "\"Watch_Swift/Preview Content\"";
				ENABLE_PREVIEWS = YES;
				GENERATE_INFOPLIST_FILE = YES;
				INFOPLIST_KEY_UIApplicationSceneManifest_Generation = YES;
				INFOPLIST_KEY_UIApplicationSupportsIndirectInputEvents = YES;
				INFOPLIST_KEY_UILaunchScreen_Generation = YES;
				INFOPLIST_KEY_UISupportedInterfaceOrientations_iPad = "UIInterfaceOrientationPortrait UIInterfaceOrientationPortraitUpsideDown UIInterfaceOrientationLandscapeLeft UIInterfaceOrientationLandscapeRight";
				INFOPLIST_KEY_UISupportedInterfaceOrientations_iPhone = "UIInterfaceOrientationPortrait UIInterfaceOrientationLandscapeLeft UIInterfaceOrientationLandscapeRight";
				LD_RUNPATH_SEARCH_PATHS = (
					"$(inherited)",
					"@executable_path/Frameworks",
				);
				MARKETING_VERSION = 1.0;
				PRODUCT_BUNDLE_IDENTIFIER = "-31.Watch-Swift";
				PRODUCT_NAME = "$(TARGET_NAME)";
				SWIFT_EMIT_LOC_STRINGS = YES;
				SWIFT_VERSION = 5.0;
				TARGETED_DEVICE_FAMILY = "1,2";
			};
			name = Debug;
		};
		F1A0A7B92A72E77A001A5237 /* Release */ = {
			isa = XCBuildConfiguration;
			buildSettings = {
				ASSETCATALOG_COMPILER_APPICON_NAME = AppIcon;
				ASSETCATALOG_COMPILER_GLOBAL_ACCENT_COLOR_NAME = AccentColor;
				CODE_SIGN_STYLE = Automatic;
				CURRENT_PROJECT_VERSION = 1;
				DEVELOPMENT_ASSET_PATHS = "\"Watch_Swift/Preview Content\"";
				ENABLE_PREVIEWS = YES;
				GENERATE_INFOPLIST_FILE = YES;
				INFOPLIST_KEY_UIApplicationSceneManifest_Generation = YES;
				INFOPLIST_KEY_UIApplicationSupportsIndirectInputEvents = YES;
				INFOPLIST_KEY_UILaunchScreen_Generation = YES;
				INFOPLIST_KEY_UISupportedInterfaceOrientations_iPad = "UIInterfaceOrientationPortrait UIInterfaceOrientationPortraitUpsideDown UIInterfaceOrientationLandscapeLeft UIInterfaceOrientationLandscapeRight";
				INFOPLIST_KEY_UISupportedInterfaceOrientations_iPhone = "UIInterfaceOrientationPortrait UIInterfaceOrientationLandscapeLeft UIInterfaceOrientationLandscapeRight";
				LD_RUNPATH_SEARCH_PATHS = (
					"$(inherited)",
					"@executable_path/Frameworks",
				);
				MARKETING_VERSION = 1.0;
				PRODUCT_BUNDLE_IDENTIFIER = "-31.Watch-Swift";
				PRODUCT_NAME = "$(TARGET_NAME)";
				SWIFT_EMIT_LOC_STRINGS = YES;
				SWIFT_VERSION = 5.0;
				TARGETED_DEVICE_FAMILY = "1,2";
			};
			name = Release;
		};
		F1A0A7BB2A72E77A001A5237 /* Debug */ = {
			isa = XCBuildConfiguration;
			buildSettings = {
				ALWAYS_EMBED_SWIFT_STANDARD_LIBRARIES = YES;
				BUNDLE_LOADER = "$(TEST_HOST)";
				CODE_SIGN_STYLE = Automatic;
				CURRENT_PROJECT_VERSION = 1;
				GENERATE_INFOPLIST_FILE = YES;
				IPHONEOS_DEPLOYMENT_TARGET = 16.4;
				MARKETING_VERSION = 1.0;
				PRODUCT_BUNDLE_IDENTIFIER = "-31.Watch-SwiftTests";
				PRODUCT_NAME = "$(TARGET_NAME)";
				SWIFT_EMIT_LOC_STRINGS = NO;
				SWIFT_VERSION = 5.0;
				TARGETED_DEVICE_FAMILY = "1,2";
				TEST_HOST = "$(BUILT_PRODUCTS_DIR)/Watch_Swift.app/$(BUNDLE_EXECUTABLE_FOLDER_PATH)/Watch_Swift";
			};
			name = Debug;
		};
		F1A0A7BC2A72E77A001A5237 /* Release */ = {
			isa = XCBuildConfiguration;
			buildSettings = {
				ALWAYS_EMBED_SWIFT_STANDARD_LIBRARIES = YES;
				BUNDLE_LOADER = "$(TEST_HOST)";
				CODE_SIGN_STYLE = Automatic;
				CURRENT_PROJECT_VERSION = 1;
				GENERATE_INFOPLIST_FILE = YES;
				IPHONEOS_DEPLOYMENT_TARGET = 16.4;
				MARKETING_VERSION = 1.0;
				PRODUCT_BUNDLE_IDENTIFIER = "-31.Watch-SwiftTests";
				PRODUCT_NAME = "$(TARGET_NAME)";
				SWIFT_EMIT_LOC_STRINGS = NO;
				SWIFT_VERSION = 5.0;
				TARGETED_DEVICE_FAMILY = "1,2";
				TEST_HOST = "$(BUILT_PRODUCTS_DIR)/Watch_Swift.app/$(BUNDLE_EXECUTABLE_FOLDER_PATH)/Watch_Swift";
			};
			name = Release;
		};
		F1A0A7BE2A72E77A001A5237 /* Debug */ = {
			isa = XCBuildConfiguration;
			buildSettings = {
				ALWAYS_EMBED_SWIFT_STANDARD_LIBRARIES = YES;
				CODE_SIGN_STYLE = Automatic;
				CURRENT_PROJECT_VERSION = 1;
				GENERATE_INFOPLIST_FILE = YES;
				MARKETING_VERSION = 1.0;
				PRODUCT_BUNDLE_IDENTIFIER = "-31.Watch-SwiftUITests";
				PRODUCT_NAME = "$(TARGET_NAME)";
				SWIFT_EMIT_LOC_STRINGS = NO;
				SWIFT_VERSION = 5.0;
				TARGETED_DEVICE_FAMILY = "1,2";
				TEST_TARGET_NAME = Watch_Swift;
			};
			name = Debug;
		};
		F1A0A7BF2A72E77A001A5237 /* Release */ = {
			isa = XCBuildConfiguration;
			buildSettings = {
				ALWAYS_EMBED_SWIFT_STANDARD_LIBRARIES = YES;
				CODE_SIGN_STYLE = Automatic;
				CURRENT_PROJECT_VERSION = 1;
				GENERATE_INFOPLIST_FILE = YES;
				MARKETING_VERSION = 1.0;
				PRODUCT_BUNDLE_IDENTIFIER = "-31.Watch-SwiftUITests";
				PRODUCT_NAME = "$(TARGET_NAME)";
				SWIFT_EMIT_LOC_STRINGS = NO;
				SWIFT_VERSION = 5.0;
				TARGETED_DEVICE_FAMILY = "1,2";
				TEST_TARGET_NAME = Watch_Swift;
			};
			name = Release;
		};
/* End XCBuildConfiguration section */

/* Begin XCConfigurationList section */
		F1A0A7882A72E771001A5237 /* Build configuration list for PBXProject "Watch_Swift" */ = {
			isa = XCConfigurationList;
			buildConfigurations = (
				F1A0A7B52A72E77A001A5237 /* Debug */,
				F1A0A7B62A72E77A001A5237 /* Release */,
			);
			defaultConfigurationIsVisible = 0;
			defaultConfigurationName = Release;
		};
		F1A0A7B72A72E77A001A5237 /* Build configuration list for PBXNativeTarget "Watch_Swift" */ = {
			isa = XCConfigurationList;
			buildConfigurations = (
				F1A0A7B82A72E77A001A5237 /* Debug */,
				F1A0A7B92A72E77A001A5237 /* Release */,
			);
			defaultConfigurationIsVisible = 0;
			defaultConfigurationName = Release;
		};
		F1A0A7BA2A72E77A001A5237 /* Build configuration list for PBXNativeTarget "Watch_SwiftTests" */ = {
			isa = XCConfigurationList;
			buildConfigurations = (
				F1A0A7BB2A72E77A001A5237 /* Debug */,
				F1A0A7BC2A72E77A001A5237 /* Release */,
			);
			defaultConfigurationIsVisible = 0;
			defaultConfigurationName = Release;
		};
		F1A0A7BD2A72E77A001A5237 /* Build configuration list for PBXNativeTarget "Watch_SwiftUITests" */ = {
			isa = XCConfigurationList;
			buildConfigurations = (
				F1A0A7BE2A72E77A001A5237 /* Debug */,
				F1A0A7BF2A72E77A001A5237 /* Release */,
			);
			defaultConfigurationIsVisible = 0;
			defaultConfigurationName = Release;
		};
/* End XCConfigurationList section */

/* Begin XCVersionGroup section */
		F1A0A79B2A72E779001A5237 /* Watch_Swift.xcdatamodeld */ = {
			isa = XCVersionGroup;
			children = (
				F1A0A79C2A72E779001A5237 /* Watch_Swift.xcdatamodel */,
			);
			currentVersion = F1A0A79C2A72E779001A5237 /* Watch_Swift.xcdatamodel */;
			path = Watch_Swift.xcdatamodeld;
			sourceTree = "<group>";
			versionGroupType = wrapper.xcdatamodel;
		};
/* End XCVersionGroup section */
	};
	rootObject = F1A0A7852A72E771001A5237 /* Project object */;
}
